
Microsoft Visual Studio Solution File, Format Version 12.00
# Visual Studio Version 17
VisualStudioVersion = 17.14.36221.1 d17.14
MinimumVisualStudioVersion = 10.0.40219.1
Project("{FAE04EC0-301F-11D3-BF4B-00C04F79EFBC}") = "SimpleConsoleApplication", "SimpleConsoleApplication\SimpleConsoleApplication.csproj", "{ACF7748C-2131-4EF6-8B2E-F0C54FE71B10}"
EndProject
Global
	GlobalSection(SolutionConfigurationPlatforms) = preSolution
		Debug|Any CPU = Debug|Any CPU
		Release|Any CPU = Release|Any CPU
	EndGlobalSection
	GlobalSection(ProjectConfigurationPlatforms) = postSolution
		{ACF7748C-2131-4EF6-8B2E-F0C54FE71B10}.Debug|Any CPU.ActiveCfg = Debug|Any CPU
		{ACF7748C-2131-4EF6-8B2E-F0C54FE71B10}.Debug|Any CPU.Build.0 = Debug|Any CPU
		{ACF7748C-2131-4EF6-8B2E-F0C54FE71B10}.Release|Any CPU.ActiveCfg = Release|Any CPU
		{ACF7748C-2131-4EF6-8B2E-F0C54FE71B10}.Release|Any CPU.Build.0 = Release|Any CPU
	EndGlobalSection
	GlobalSection(SolutionProperties) = preSolution
		HideSolutionNode = FALSE
	EndGlobalSection
	GlobalSection(ExtensibilityGlobals) = postSolution
		SolutionGuid = {ACDAEDA6-BB82-4FC1-A1E6-7B82E70BBC5B}
	EndGlobalSection
EndGlobal
